
Microsoft Visual Studio Solution File, Format Version 12.00
# Visual Studio Version 16
VisualStudioVersion = 16.0.31605.320
MinimumVisualStudioVersion = 10.0.40219.1
Project("{FAE04EC0-301F-11D3-BF4B-00C04F79EFBC}") = "ConsoleApp9", "ConsoleApp9\ConsoleApp9.csproj", "{4F05BC63-7493-431E-826B-C00CF9C2C5FB}"
EndProject
Global
	GlobalSection(SolutionConfigurationPlatforms) = preSolution
		Debug|Any CPU = Debug|Any CPU
		Release|Any CPU = Release|Any CPU
	EndGlobalSection
	GlobalSection(ProjectConfigurationPlatforms) = postSolution
		{4F05BC63-7493-431E-826B-C00CF9C2C5FB}.Debug|Any CPU.ActiveCfg = Debug|Any CPU
		{4F05BC63-7493-431E-826B-C00CF9C2C5FB}.Debug|Any CPU.Build.0 = Debug|Any CPU
		{4F05BC63-7493-431E-826B-C00CF9C2C5FB}.Release|Any CPU.ActiveCfg = Release|Any CPU
		{4F05BC63-7493-431E-826B-C00CF9C2C5FB}.Release|Any CPU.Build.0 = Release|Any CPU
	EndGlobalSection
	GlobalSection(SolutionProperties) = preSolution
		HideSolutionNode = FALSE
	EndGlobalSection
	GlobalSection(ExtensibilityGlobals) = postSolution
		SolutionGuid = {2E6A9157-5C76-4FCA-8FE4-D323C29B882C}
	EndGlobalSection
EndGlobal
